
Microsoft Visual Studio Solution File, Format Version 12.00
# Visual Studio Version 16
VisualStudioVersion = 16.0.29905.134
MinimumVisualStudioVersion = 10.0.40219.1
Project("{8BC9CEB8-8B4A-11D0-8D11-00A0C91BC942}") = "programmers_2", "programmers_2\programmers_2.vcxproj", "{D1EF213E-578A-435E-A8CD-89C2BE86E720}"
EndProject
Project("{8BC9CEB8-8B4A-11D0-8D11-00A0C91BC942}") = "programmers_2_2", "programmers_2_2\programmers_2_2.vcxproj", "{2123D469-99FE-4E15-8B07-9764C7A4ED71}"
EndProject
Project("{8BC9CEB8-8B4A-11D0-8D11-00A0C91BC942}") = "programmers_2_3", "programmers_2_3\programmers_2_3.vcxproj", "{5453C9C6-1309-45F2-9141-E08E46182064}"
EndProject
Global
	GlobalSection(SolutionConfigurationPlatforms) = preSolution
		Debug|x64 = Debug|x64
		Debug|x86 = Debug|x86
		Release|x64 = Release|x64
		Release|x86 = Release|x86
	EndGlobalSection
	GlobalSection(ProjectConfigurationPlatforms) = postSolution
		{D1EF213E-578A-435E-A8CD-89C2BE86E720}.Debug|x64.ActiveCfg = Debug|x64
		{D1EF213E-578A-435E-A8CD-89C2BE86E720}.Debug|x64.Build.0 = Debug|x64
		{D1EF213E-578A-435E-A8CD-89C2BE86E720}.Debug|x86.ActiveCfg = Debug|Win32
		{D1EF213E-578A-435E-A8CD-89C2BE86E720}.Debug|x86.Build.0 = Debug|Win32
		{D1EF213E-578A-435E-A8CD-89C2BE86E720}.Release|x64.ActiveCfg = Release|x64
		{D1EF213E-578A-435E-A8CD-89C2BE86E720}.Release|x64.Build.0 = Release|x64
		{D1EF213E-578A-435E-A8CD-89C2BE86E720}.Release|x86.ActiveCfg = Release|Win32
		{D1EF213E-578A-435E-A8CD-89C2BE86E720}.Release|x86.Build.0 = Release|Win32
		{2123D469-99FE-4E15-8B07-9764C7A4ED71}.Debug|x64.ActiveCfg = Debug|x64
		{2123D469-99FE-4E15-8B07-9764C7A4ED71}.Debug|x64.Build.0 = Debug|x64
		{2123D469-99FE-4E15-8B07-9764C7A4ED71}.Debug|x86.ActiveCfg = Debug|Win32
		{2123D469-99FE-4E15-8B07-9764C7A4ED71}.Debug|x86.Build.0 = Debug|Win32
		{2123D469-99FE-4E15-8B07-9764C7A4ED71}.Release|x64.ActiveCfg = Release|x64
		{2123D469-99FE-4E15-8B07-9764C7A4ED71}.Release|x64.Build.0 = Release|x64
		{2123D469-99FE-4E15-8B07-9764C7A4ED71}.Release|x86.ActiveCfg = Release|Win32
		{2123D469-99FE-4E15-8B07-9764C7A4ED71}.Release|x86.Build.0 = Release|Win32
		{5453C9C6-1309-45F2-9141-E08E46182064}.Debug|x64.ActiveCfg = Debug|x64
		{5453C9C6-1309-45F2-9141-E08E46182064}.Debug|x64.Build.0 = Debug|x64
		{5453C9C6-1309-45F2-9141-E08E46182064}.Debug|x86.ActiveCfg = Debug|Win32
		{5453C9C6-1309-45F2-9141-E08E46182064}.Debug|x86.Build.0 = Debug|Win32
		{5453C9C6-1309-45F2-9141-E08E46182064}.Release|x64.ActiveCfg = Release|x64
		{5453C9C6-1309-45F2-9141-E08E46182064}.Release|x64.Build.0 = Release|x64
		{5453C9C6-1309-45F2-9141-E08E46182064}.Release|x86.ActiveCfg = Release|Win32
		{5453C9C6-1309-45F2-9141-E08E46182064}.Release|x86.Build.0 = Release|Win32
	EndGlobalSection
	GlobalSection(SolutionProperties) = preSolution
		HideSolutionNode = FALSE
	EndGlobalSection
	GlobalSection(ExtensibilityGlobals) = postSolution
		SolutionGuid = {2D129FD0-F530-44D6-B597-3C86A07A68F8}
	EndGlobalSection
EndGlobal
